
Microsoft Visual Studio Solution File, Format Version 12.00
# Visual Studio 2013
VisualStudioVersion = 12.0.31101.0
MinimumVisualStudioVersion = 10.0.40219.1
Project("{FAE04EC0-301F-11D3-BF4B-00C04F79EFBC}") = "TodoApp.WebApi", "TodoApp.WebApi\TodoApp.WebApi.csproj", "{01CFF330-8860-4B93-AF24-9C842DD6EEDE}"
EndProject
Project("{FAE04EC0-301F-11D3-BF4B-00C04F79EFBC}") = "TodoApp.Data", "TodoApp.Data\TodoApp.Data.csproj", "{6EA07DCF-B337-49EC-8F93-EB52DB85D6BC}"
EndProject
Project("{FAE04EC0-301F-11D3-BF4B-00C04F79EFBC}") = "TodoApp.OperationContracts", "TodoApp.OperationContracts\TodoApp.OperationContracts.csproj", "{3D9CA2F5-9411-471C-A9F7-F61E1C435DE4}"
EndProject
Project("{FAE04EC0-301F-11D3-BF4B-00C04F79EFBC}") = "TodoApp.RequestProcessing", "TodoApp.RequestProcessing\TodoApp.RequestProcessing.csproj", "{F7022188-6E34-4CD6-A2D9-0C5BAC601D28}"
EndProject
Project("{FAE04EC0-301F-11D3-BF4B-00C04F79EFBC}") = "TodoApp.Framework", "TodoApp.Framework\TodoApp.Framework.csproj", "{500878B4-EE2D-4F81-BAD4-E0C041AEC912}"
EndProject
Project("{FAE04EC0-301F-11D3-BF4B-00C04F79EFBC}") = "TodoApp.DataContracts", "TodoApp.DataContracts\TodoApp.DataContracts.csproj", "{2A51EB41-763F-4D56-8DEC-51A3C4DB63E4}"
EndProject
Project("{FAE04EC0-301F-11D3-BF4B-00C04F79EFBC}") = "TodoApp.UnitTests", "TodoApp.UnitTests\TodoApp.UnitTests.csproj", "{ECBD0646-CE56-4C03-BB89-C122C2D89DB1}"
EndProject
Project("{FAE04EC0-301F-11D3-BF4B-00C04F79EFBC}") = "TodoApp.IntegrationTests", "TodoApp.IntegrationTests\TodoApp.IntegrationTests.csproj", "{7A6E5A7C-3DDB-44EB-B252-CCFF113FEA36}"
EndProject
Project("{FAE04EC0-301F-11D3-BF4B-00C04F79EFBC}") = "TodoApp.AdminSite", "TodoApp.AdminSite\TodoApp.AdminSite.csproj", "{B9FB6998-B37F-4695-B603-620200B6663D}"
EndProject
Project("{FAE04EC0-301F-11D3-BF4B-00C04F79EFBC}") = "TodoApp.TestHarness", "TodoApp.TestHarness\TodoApp.TestHarness.csproj", "{24C3E7F9-7AEC-439A-AB9A-E9D7D6E8F7AF}"
EndProject
Project("{FAE04EC0-301F-11D3-BF4B-00C04F79EFBC}") = "TodoApp.Init", "TodoApp.Init\TodoApp.Init.csproj", "{3118711D-1F16-4F9B-847B-2085A5680904}"
EndProject
Project("{2150E333-8FDC-42A3-9474-1A3956D46DE8}") = "Admin", "Admin", "{356E8B32-2AFD-4B78-80A3-E2A4729EA126}"
EndProject
Project("{2150E333-8FDC-42A3-9474-1A3956D46DE8}") = "WebApi", "WebApi", "{6C0630F4-6D81-48BC-9D6D-EACB86D74474}"
EndProject
Project("{2150E333-8FDC-42A3-9474-1A3956D46DE8}") = "Data", "Data", "{03F5C7C5-798B-4B6D-9A26-7F503D0D8799}"
EndProject
Project("{2150E333-8FDC-42A3-9474-1A3956D46DE8}") = "Setup", "Setup", "{374A8F24-42C6-4EC2-9606-9FE6EDD503F2}"
EndProject
Project("{2150E333-8FDC-42A3-9474-1A3956D46DE8}") = "Test", "Test", "{1E9A4A70-0B90-4194-9169-D7103EF7D48F}"
EndProject
Global
	GlobalSection(SolutionConfigurationPlatforms) = preSolution
		Debug|Any CPU = Debug|Any CPU
		Release|Any CPU = Release|Any CPU
	EndGlobalSection
	GlobalSection(ProjectConfigurationPlatforms) = postSolution
		{01CFF330-8860-4B93-AF24-9C842DD6EEDE}.Debug|Any CPU.ActiveCfg = Debug|Any CPU
		{01CFF330-8860-4B93-AF24-9C842DD6EEDE}.Debug|Any CPU.Build.0 = Debug|Any CPU
		{01CFF330-8860-4B93-AF24-9C842DD6EEDE}.Release|Any CPU.ActiveCfg = Release|Any CPU
		{01CFF330-8860-4B93-AF24-9C842DD6EEDE}.Release|Any CPU.Build.0 = Release|Any CPU
		{6EA07DCF-B337-49EC-8F93-EB52DB85D6BC}.Debug|Any CPU.ActiveCfg = Debug|Any CPU
		{6EA07DCF-B337-49EC-8F93-EB52DB85D6BC}.Debug|Any CPU.Build.0 = Debug|Any CPU
		{6EA07DCF-B337-49EC-8F93-EB52DB85D6BC}.Release|Any CPU.ActiveCfg = Release|Any CPU
		{6EA07DCF-B337-49EC-8F93-EB52DB85D6BC}.Release|Any CPU.Build.0 = Release|Any CPU
		{3D9CA2F5-9411-471C-A9F7-F61E1C435DE4}.Debug|Any CPU.ActiveCfg = Debug|Any CPU
		{3D9CA2F5-9411-471C-A9F7-F61E1C435DE4}.Debug|Any CPU.Build.0 = Debug|Any CPU
		{3D9CA2F5-9411-471C-A9F7-F61E1C435DE4}.Release|Any CPU.ActiveCfg = Release|Any CPU
		{3D9CA2F5-9411-471C-A9F7-F61E1C435DE4}.Release|Any CPU.Build.0 = Release|Any CPU
		{F7022188-6E34-4CD6-A2D9-0C5BAC601D28}.Debug|Any CPU.ActiveCfg = Debug|Any CPU
		{F7022188-6E34-4CD6-A2D9-0C5BAC601D28}.Debug|Any CPU.Build.0 = Debug|Any CPU
		{F7022188-6E34-4CD6-A2D9-0C5BAC601D28}.Release|Any CPU.ActiveCfg = Release|Any CPU
		{F7022188-6E34-4CD6-A2D9-0C5BAC601D28}.Release|Any CPU.Build.0 = Release|Any CPU
		{500878B4-EE2D-4F81-BAD4-E0C041AEC912}.Debug|Any CPU.ActiveCfg = Debug|Any CPU
		{500878B4-EE2D-4F81-BAD4-E0C041AEC912}.Debug|Any CPU.Build.0 = Debug|Any CPU
		{500878B4-EE2D-4F81-BAD4-E0C041AEC912}.Release|Any CPU.ActiveCfg = Release|Any CPU
		{500878B4-EE2D-4F81-BAD4-E0C041AEC912}.Release|Any CPU.Build.0 = Release|Any CPU
		{2A51EB41-763F-4D56-8DEC-51A3C4DB63E4}.Debug|Any CPU.ActiveCfg = Debug|Any CPU
		{2A51EB41-763F-4D56-8DEC-51A3C4DB63E4}.Debug|Any CPU.Build.0 = Debug|Any CPU
		{2A51EB41-763F-4D56-8DEC-51A3C4DB63E4}.Release|Any CPU.ActiveCfg = Release|Any CPU
		{2A51EB41-763F-4D56-8DEC-51A3C4DB63E4}.Release|Any CPU.Build.0 = Release|Any CPU
		{ECBD0646-CE56-4C03-BB89-C122C2D89DB1}.Debug|Any CPU.ActiveCfg = Debug|Any CPU
		{ECBD0646-CE56-4C03-BB89-C122C2D89DB1}.Debug|Any CPU.Build.0 = Debug|Any CPU
		{ECBD0646-CE56-4C03-BB89-C122C2D89DB1}.Release|Any CPU.ActiveCfg = Release|Any CPU
		{ECBD0646-CE56-4C03-BB89-C122C2D89DB1}.Release|Any CPU.Build.0 = Release|Any CPU
		{7A6E5A7C-3DDB-44EB-B252-CCFF113FEA36}.Debug|Any CPU.ActiveCfg = Debug|Any CPU
		{7A6E5A7C-3DDB-44EB-B252-CCFF113FEA36}.Debug|Any CPU.Build.0 = Debug|Any CPU
		{7A6E5A7C-3DDB-44EB-B252-CCFF113FEA36}.Release|Any CPU.ActiveCfg = Release|Any CPU
		{7A6E5A7C-3DDB-44EB-B252-CCFF113FEA36}.Release|Any CPU.Build.0 = Release|Any CPU
		{B9FB6998-B37F-4695-B603-620200B6663D}.Debug|Any CPU.ActiveCfg = Debug|Any CPU
		{B9FB6998-B37F-4695-B603-620200B6663D}.Debug|Any CPU.Build.0 = Debug|Any CPU
		{B9FB6998-B37F-4695-B603-620200B6663D}.Release|Any CPU.ActiveCfg = Release|Any CPU
		{B9FB6998-B37F-4695-B603-620200B6663D}.Release|Any CPU.Build.0 = Release|Any CPU
		{24C3E7F9-7AEC-439A-AB9A-E9D7D6E8F7AF}.Debug|Any CPU.ActiveCfg = Debug|Any CPU
		{24C3E7F9-7AEC-439A-AB9A-E9D7D6E8F7AF}.Debug|Any CPU.Build.0 = Debug|Any CPU
		{24C3E7F9-7AEC-439A-AB9A-E9D7D6E8F7AF}.Release|Any CPU.ActiveCfg = Release|Any CPU
		{24C3E7F9-7AEC-439A-AB9A-E9D7D6E8F7AF}.Release|Any CPU.Build.0 = Release|Any CPU
		{3118711D-1F16-4F9B-847B-2085A5680904}.Debug|Any CPU.ActiveCfg = Debug|Any CPU
		{3118711D-1F16-4F9B-847B-2085A5680904}.Debug|Any CPU.Build.0 = Debug|Any CPU
		{3118711D-1F16-4F9B-847B-2085A5680904}.Release|Any CPU.ActiveCfg = Release|Any CPU
		{3118711D-1F16-4F9B-847B-2085A5680904}.Release|Any CPU.Build.0 = Release|Any CPU
	EndGlobalSection
	GlobalSection(SolutionProperties) = preSolution
		HideSolutionNode = FALSE
	EndGlobalSection
	GlobalSection(NestedProjects) = preSolution
		{01CFF330-8860-4B93-AF24-9C842DD6EEDE} = {6C0630F4-6D81-48BC-9D6D-EACB86D74474}
		{6EA07DCF-B337-49EC-8F93-EB52DB85D6BC} = {03F5C7C5-798B-4B6D-9A26-7F503D0D8799}
		{3D9CA2F5-9411-471C-A9F7-F61E1C435DE4} = {6C0630F4-6D81-48BC-9D6D-EACB86D74474}
		{F7022188-6E34-4CD6-A2D9-0C5BAC601D28} = {6C0630F4-6D81-48BC-9D6D-EACB86D74474}
		{500878B4-EE2D-4F81-BAD4-E0C041AEC912} = {6C0630F4-6D81-48BC-9D6D-EACB86D74474}
		{2A51EB41-763F-4D56-8DEC-51A3C4DB63E4} = {6C0630F4-6D81-48BC-9D6D-EACB86D74474}
		{ECBD0646-CE56-4C03-BB89-C122C2D89DB1} = {1E9A4A70-0B90-4194-9169-D7103EF7D48F}
		{7A6E5A7C-3DDB-44EB-B252-CCFF113FEA36} = {1E9A4A70-0B90-4194-9169-D7103EF7D48F}
		{B9FB6998-B37F-4695-B603-620200B6663D} = {356E8B32-2AFD-4B78-80A3-E2A4729EA126}
		{24C3E7F9-7AEC-439A-AB9A-E9D7D6E8F7AF} = {1E9A4A70-0B90-4194-9169-D7103EF7D48F}
		{3118711D-1F16-4F9B-847B-2085A5680904} = {374A8F24-42C6-4EC2-9606-9FE6EDD503F2}
	EndGlobalSection
EndGlobal
